
Microsoft Visual Studio Solution File, Format Version 12.00
# Visual Studio 15
VisualStudioVersion = 15.0.28307.1022
MinimumVisualStudioVersion = 10.0.40219.1
Project("{FAE04EC0-301F-11D3-BF4B-00C04F79EFBC}") = "ChocAnNew", "ChocAnNew\ChocAnNew.csproj", "{106EA0A6-CC9D-4EBF-827A-177ECF69EC32}"
EndProject
Global
	GlobalSection(SolutionConfigurationPlatforms) = preSolution
		Debug|Any CPU = Debug|Any CPU
		Release|Any CPU = Release|Any CPU
	EndGlobalSection
	GlobalSection(ProjectConfigurationPlatforms) = postSolution
		{106EA0A6-CC9D-4EBF-827A-177ECF69EC32}.Debug|Any CPU.ActiveCfg = Debug|Any CPU
		{106EA0A6-CC9D-4EBF-827A-177ECF69EC32}.Debug|Any CPU.Build.0 = Debug|Any CPU
		{106EA0A6-CC9D-4EBF-827A-177ECF69EC32}.Release|Any CPU.ActiveCfg = Release|Any CPU
		{106EA0A6-CC9D-4EBF-827A-177ECF69EC32}.Release|Any CPU.Build.0 = Release|Any CPU
	EndGlobalSection
	GlobalSection(SolutionProperties) = preSolution
		HideSolutionNode = FALSE
	EndGlobalSection
	GlobalSection(ExtensibilityGlobals) = postSolution
		SolutionGuid = {63FDA704-3EF8-4332-BC3D-A4563B5BF9C8}
	EndGlobalSection
EndGlobal
